
Microsoft Visual Studio Solution File, Format Version 11.00
# Visual Studio 2010
Project("{FAE04EC0-301F-11D3-BF4B-00C04F79EFBC}") = "DataAnnotationsExtensions.Web", "DataAnnotationsExtensions.Web\DataAnnotationsExtensions.Web.csproj", "{16249BAA-A6E2-4D9E-83E1-FF83C8564A83}"
EndProject
Project("{FAE04EC0-301F-11D3-BF4B-00C04F79EFBC}") = "DataAnnotationsExtensions.Tests", "DataAnnotationsExtensions.Tests\DataAnnotationsExtensions.Tests.csproj", "{82A01EA4-F886-4C09-9082-FCD3C63A900D}"
EndProject
Global
	GlobalSection(SolutionConfigurationPlatforms) = preSolution
		Debug|Any CPU = Debug|Any CPU
		Release|Any CPU = Release|Any CPU
	EndGlobalSection
	GlobalSection(ProjectConfigurationPlatforms) = postSolution
		{16249BAA-A6E2-4D9E-83E1-FF83C8564A83}.Debug|Any CPU.ActiveCfg = Debug|Any CPU
		{16249BAA-A6E2-4D9E-83E1-FF83C8564A83}.Debug|Any CPU.Build.0 = Debug|Any CPU
		{16249BAA-A6E2-4D9E-83E1-FF83C8564A83}.Release|Any CPU.ActiveCfg = Release|Any CPU
		{16249BAA-A6E2-4D9E-83E1-FF83C8564A83}.Release|Any CPU.Build.0 = Release|Any CPU
		{82A01EA4-F886-4C09-9082-FCD3C63A900D}.Debug|Any CPU.ActiveCfg = Debug|Any CPU
		{82A01EA4-F886-4C09-9082-FCD3C63A900D}.Debug|Any CPU.Build.0 = Debug|Any CPU
		{82A01EA4-F886-4C09-9082-FCD3C63A900D}.Release|Any CPU.ActiveCfg = Release|Any CPU
		{82A01EA4-F886-4C09-9082-FCD3C63A900D}.Release|Any CPU.Build.0 = Release|Any CPU
	EndGlobalSection
	GlobalSection(SolutionProperties) = preSolution
		HideSolutionNode = FALSE
	EndGlobalSection
EndGlobal
